
Microsoft Visual Studio Solution File, Format Version 12.00
# Visual Studio Version 17
VisualStudioVersion = 17.10.35027.167
MinimumVisualStudioVersion = 10.0.40219.1
Project("{9A19103F-16F7-4668-BE54-9A1E7A4F7556}") = "Wavve.Api", "Wavve.Api\Wavve.Api.csproj", "{8DC17E66-F848-47A7-9E14-A1A29C96F36D}"
EndProject
Project("{9A19103F-16F7-4668-BE54-9A1E7A4F7556}") = "Wavve.Core", "Wavve.Core\Wavve.Core.csproj", "{DB3E335F-A173-43B2-A257-181AD795B6E0}"
EndProject
Project("{2150E333-8FDC-42A3-9474-1A3956D46DE8}") = "Solution Items", "Solution Items", "{0CC460DD-B651-487D-AB81-AC4E88E457F4}"
	ProjectSection(SolutionItems) = preProject
		docker-compose.yml = docker-compose.yml
		Dockerfile = Dockerfile
		.gitignore = .gitignore
	EndProjectSection
EndProject
Global
	GlobalSection(SolutionConfigurationPlatforms) = preSolution
		Debug|Any CPU = Debug|Any CPU
		Release|Any CPU = Release|Any CPU
	EndGlobalSection
	GlobalSection(ProjectConfigurationPlatforms) = postSolution
		{8DC17E66-F848-47A7-9E14-A1A29C96F36D}.Debug|Any CPU.ActiveCfg = Debug|Any CPU
		{8DC17E66-F848-47A7-9E14-A1A29C96F36D}.Debug|Any CPU.Build.0 = Debug|Any CPU
		{8DC17E66-F848-47A7-9E14-A1A29C96F36D}.Release|Any CPU.ActiveCfg = Release|Any CPU
		{8DC17E66-F848-47A7-9E14-A1A29C96F36D}.Release|Any CPU.Build.0 = Release|Any CPU
		{DB3E335F-A173-43B2-A257-181AD795B6E0}.Debug|Any CPU.ActiveCfg = Debug|Any CPU
		{DB3E335F-A173-43B2-A257-181AD795B6E0}.Debug|Any CPU.Build.0 = Debug|Any CPU
		{DB3E335F-A173-43B2-A257-181AD795B6E0}.Release|Any CPU.ActiveCfg = Release|Any CPU
		{DB3E335F-A173-43B2-A257-181AD795B6E0}.Release|Any CPU.Build.0 = Release|Any CPU
	EndGlobalSection
	GlobalSection(SolutionProperties) = preSolution
		HideSolutionNode = FALSE
	EndGlobalSection
	GlobalSection(ExtensibilityGlobals) = postSolution
		SolutionGuid = {85DAB8C8-7466-4BCB-8228-476B4CF11C28}
	EndGlobalSection
EndGlobal
